
Microsoft Visual Studio Solution File, Format Version 12.00
# Visual Studio Version 16
VisualStudioVersion = 16.0.29025.244
MinimumVisualStudioVersion = 10.0.40219.1
Project("{FAE04EC0-301F-11D3-BF4B-00C04F79EFBC}") = "AbpZeroLearn", "AbpZeroLearn\AbpZeroLearn.csproj", "{D3D40D7E-72BC-4BB1-96BD-881B416C5A80}"
EndProject
Global
	GlobalSection(SolutionConfigurationPlatforms) = preSolution
		Debug|Any CPU = Debug|Any CPU
		Release|Any CPU = Release|Any CPU
	EndGlobalSection
	GlobalSection(ProjectConfigurationPlatforms) = postSolution
		{D3D40D7E-72BC-4BB1-96BD-881B416C5A80}.Debug|Any CPU.ActiveCfg = Debug|Any CPU
		{D3D40D7E-72BC-4BB1-96BD-881B416C5A80}.Debug|Any CPU.Build.0 = Debug|Any CPU
		{D3D40D7E-72BC-4BB1-96BD-881B416C5A80}.Release|Any CPU.ActiveCfg = Release|Any CPU
		{D3D40D7E-72BC-4BB1-96BD-881B416C5A80}.Release|Any CPU.Build.0 = Release|Any CPU
	EndGlobalSection
	GlobalSection(SolutionProperties) = preSolution
		HideSolutionNode = FALSE
	EndGlobalSection
	GlobalSection(ExtensibilityGlobals) = postSolution
		SolutionGuid = {4EA621FA-BE45-4357-9B65-32543EA93B5D}
	EndGlobalSection
EndGlobal
